// !$*UTF8*$!
{
	archiveVersion = 1;
	classes = {
	};
	objectVersion = 55;
	objects = {

/* Begin PBXBuildFile section */
		A27A79AF2851CD1100B4BB5A /* AppDelegate.swift in Sources */ = {isa = PBXBuildFile; fileRef = A27A79AE2851CD1100B4BB5A /* AppDelegate.swift */; };
		A27A79B12851CD1100B4BB5A /* SceneDelegate.swift in Sources */ = {isa = PBXBuildFile; fileRef = A27A79B02851CD1100B4BB5A /* SceneDelegate.swift */; };
		A27A79B62851CD1100B4BB5A /* Main.storyboard in Resources */ = {isa = PBXBuildFile; fileRef = A27A79B42851CD1100B4BB5A /* Main.storyboard */; };
		A27A79B82851CD1300B4BB5A /* Assets.xcassets in Resources */ = {isa = PBXBuildFile; fileRef = A27A79B72851CD1300B4BB5A /* Assets.xcassets */; };
		A27A79BB2851CD1300B4BB5A /* LaunchScreen.storyboard in Resources */ = {isa = PBXBuildFile; fileRef = A27A79B92851CD1300B4BB5A /* LaunchScreen.storyboard */; };
		A27A79C32851CFDD00B4BB5A /* TableViewController.swift in Sources */ = {isa = PBXBuildFile; fileRef = A27A79C22851CFDD00B4BB5A /* TableViewController.swift */; };
		A27A79C52851D00C00B4BB5A /* AddViewController.swift in Sources */ = {isa = PBXBuildFile; fileRef = A27A79C42851D00C00B4BB5A /* AddViewController.swift */; };
		A27A79C72851D03900B4BB5A /* DetailViewController.swift in Sources */ = {isa = PBXBuildFile; fileRef = A27A79C62851D03900B4BB5A /* DetailViewController.swift */; };
		A27A79C92851D1EF00B4BB5A /* cart.png in Resources */ = {isa = PBXBuildFile; fileRef = A27A79C82851D1EF00B4BB5A /* cart.png */; };
		A27A79CB2851D1FC00B4BB5A /* clock.png in Resources */ = {isa = PBXBuildFile; fileRef = A27A79CA2851D1FC00B4BB5A /* clock.png */; };
		A27A79CD2851D20A00B4BB5A /* pencil.png in Resources */ = {isa = PBXBuildFile; fileRef = A27A79CC2851D20A00B4BB5A /* pencil.png */; };
/* End PBXBuildFile section */

/* Begin PBXFileReference section */
		A27A79AB2851CD1100B4BB5A /* Table View Controller.app */ = {isa = PBXFileReference; explicitFileType = wrapper.application; includeInIndex = 0; path = "Table View Controller.app"; sourceTree = BUILT_PRODUCTS_DIR; };
		A27A79AE2851CD1100B4BB5A /* AppDelegate.swift */ = {isa = PBXFileReference; lastKnownFileType = sourcecode.swift; path = AppDelegate.swift; sourceTree = "<group>"; };
		A27A79B02851CD1100B4BB5A /* SceneDelegate.swift */ = {isa = PBXFileReference; lastKnownFileType = sourcecode.swift; path = SceneDelegate.swift; sourceTree = "<group>"; };
		A27A79B52851CD1100B4BB5A /* Base */ = {isa = PBXFileReference; lastKnownFileType = file.storyboard; name = Base; path = Base.lproj/Main.storyboard; sourceTree = "<group>"; };
		A27A79B72851CD1300B4BB5A /* Assets.xcassets */ = {isa = PBXFileReference; lastKnownFileType = folder.assetcatalog; path = Assets.xcassets; sourceTree = "<group>"; };
		A27A79BA2851CD1300B4BB5A /* Base */ = {isa = PBXFileReference; lastKnownFileType = file.storyboard; name = Base; path = Base.lproj/LaunchScreen.storyboard; sourceTree = "<group>"; };
		A27A79BC2851CD1300B4BB5A /* Info.plist */ = {isa = PBXFileReference; lastKnownFileType = text.plist.xml; path = Info.plist; sourceTree = "<group>"; };
		A27A79C22851CFDD00B4BB5A /* TableViewController.swift */ = {isa = PBXFileReference; lastKnownFileType = sourcecode.swift; path = TableViewController.swift; sourceTree = "<group>"; };
		A27A79C42851D00C00B4BB5A /* AddViewController.swift */ = {isa = PBXFileReference; lastKnownFileType = sourcecode.swift; path = AddViewController.swift; sourceTree = "<group>"; };
		A27A79C62851D03900B4BB5A /* DetailViewController.swift */ = {isa = PBXFileReference; lastKnownFileType = sourcecode.swift; path = DetailViewController.swift; sourceTree = "<group>"; };
		A27A79C82851D1EF00B4BB5A /* cart.png */ = {isa = PBXFileReference; lastKnownFileType = image.png; path = cart.png; sourceTree = "<group>"; };
		A27A79CA2851D1FC00B4BB5A /* clock.png */ = {isa = PBXFileReference; lastKnownFileType = image.png; path = clock.png; sourceTree = "<group>"; };
		A27A79CC2851D20A00B4BB5A /* pencil.png */ = {isa = PBXFileReference; lastKnownFileType = image.png; path = pencil.png; sourceTree = "<group>"; };
/* End PBXFileReference section */

/* Begin PBXFrameworksBuildPhase section */
		A27A79A82851CD1100B4BB5A /* Frameworks */ = {
			isa = PBXFrameworksBuildPhase;
			buildActionMask = 2147483647;
			files = (
			);
			runOnlyForDeploymentPostprocessing = 0;
		};
/* End PBXFrameworksBuildPhase section */

/* Begin PBXGroup section */
		A27A79A22851CD1100B4BB5A = {
			isa = PBXGroup;
			children = (
				A27A79AD2851CD1100B4BB5A /* Table View Controller */,
				A27A79AC2851CD1100B4BB5A /* Products */,
			);
			sourceTree = "<group>";
		};
		A27A79AC2851CD1100B4BB5A /* Products */ = {
			isa = PBXGroup;
			children = (
				A27A79AB2851CD1100B4BB5A /* Table View Controller.app */,
			);
			name = Products;
			sourceTree = "<group>";
		};
		A27A79AD2851CD1100B4BB5A /* Table View Controller */ = {
			isa = PBXGroup;
			children = (
				A27A79AE2851CD1100B4BB5A /* AppDelegate.swift */,
				A27A79C62851D03900B4BB5A /* DetailViewController.swift */,
				A27A79C42851D00C00B4BB5A /* AddViewController.swift */,
				A27A79C22851CFDD00B4BB5A /* TableViewController.swift */,
				A27A79B02851CD1100B4BB5A /* SceneDelegate.swift */,
				A27A79B42851CD1100B4BB5A /* Main.storyboard */,
				A27A79B72851CD1300B4BB5A /* Assets.xcassets */,
				A27A79B92851CD1300B4BB5A /* LaunchScreen.storyboard */,
				A27A79BC2851CD1300B4BB5A /* Info.plist */,
				A27A79C82851D1EF00B4BB5A /* cart.png */,
				A27A79CA2851D1FC00B4BB5A /* clock.png */,
				A27A79CC2851D20A00B4BB5A /* pencil.png */,
			);
			path = "Table View Controller";
			sourceTree = "<group>";
		};
/* End PBXGroup section */

/* Begin PBXNativeTarget section */
		A27A79AA2851CD1100B4BB5A /* Table View Controller */ = {
			isa = PBXNativeTarget;
			buildConfigurationList = A27A79BF2851CD1300B4BB5A /* Build configuration list for PBXNativeTarget "Table View Controller" */;
			buildPhases = (
				A27A79A72851CD1100B4BB5A /* Sources */,
				A27A79A82851CD1100B4BB5A /* Frameworks */,
				A27A79A92851CD1100B4BB5A /* Resources */,
			);
			buildRules = (
			);
			dependencies = (
			);
			name = "Table View Controller";
			productName = "Table View Controller";
			productReference = A27A79AB2851CD1100B4BB5A /* Table View Controller.app */;
			productType = "com.apple.product-type.application";
		};
/* End PBXNativeTarget section */

/* Begin PBXProject section */
		A27A79A32851CD1100B4BB5A /* Project object */ = {
			isa = PBXProject;
			attributes = {
				BuildIndependentTargetsInParallel = 1;
				LastSwiftUpdateCheck = 1320;
				LastUpgradeCheck = 1320;
				TargetAttributes = {
					A27A79AA2851CD1100B4BB5A = {
						CreatedOnToolsVersion = 13.2.1;
					};
				};
			};
			buildConfigurationList = A27A79A62851CD1100B4BB5A /* Build configuration list for PBXProject "Table View Controller" */;
			compatibilityVersion = "Xcode 13.0";
			developmentRegion = en;
			hasScannedForEncodings = 0;
			knownRegions = (
				en,
				Base,
			);
			mainGroup = A27A79A22851CD1100B4BB5A;
			productRefGroup = A27A79AC2851CD1100B4BB5A /* Products */;
			projectDirPath = "";
			projectRoot = "";
			targets = (
				A27A79AA2851CD1100B4BB5A /* Table View Controller */,
			);
		};
/* End PBXProject section */

/* Begin PBXResourcesBuildPhase section */
		A27A79A92851CD1100B4BB5A /* Resources */ = {
			isa = PBXResourcesBuildPhase;
			buildActionMask = 2147483647;
			files = (
				A27A79CD2851D20A00B4BB5A /* pencil.png in Resources */,
				A27A79BB2851CD1300B4BB5A /* LaunchScreen.storyboard in Resources */,
				A27A79CB2851D1FC00B4BB5A /* clock.png in Resources */,
				A27A79C92851D1EF00B4BB5A /* cart.png in Resources */,
				A27A79B82851CD1300B4BB5A /* Assets.xcassets in Resources */,
				A27A79B62851CD1100B4BB5A /* Main.storyboard in Resources */,
			);
			runOnlyForDeploymentPostprocessing = 0;
		};
/* End PBXResourcesBuildPhase section */

/* Begin PBXSourcesBuildPhase section */
		A27A79A72851CD1100B4BB5A /* Sources */ = {
			isa = PBXSourcesBuildPhase;
			buildActionMask = 2147483647;
			files = (
				A27A79AF2851CD1100B4BB5A /* AppDelegate.swift in Sources */,
				A27A79C32851CFDD00B4BB5A /* TableViewController.swift in Sources */,
				A27A79C72851D03900B4BB5A /* DetailViewController.swift in Sources */,
				A27A79C52851D00C00B4BB5A /* AddViewController.swift in Sources */,
				A27A79B12851CD1100B4BB5A /* SceneDelegate.swift in Sources */,
			);
			runOnlyForDeploymentPostprocessing = 0;
		};
/* End PBXSourcesBuildPhase section */

/* Begin PBXVariantGroup section */
		A27A79B42851CD1100B4BB5A /* Main.storyboard */ = {
			isa = PBXVariantGroup;
			children = (
				A27A79B52851CD1100B4BB5A /* Base */,
			);
			name = Main.storyboard;
			sourceTree = "<group>";
		};
		A27A79B92851CD1300B4BB5A /* LaunchScreen.storyboard */ = {
			isa = PBXVariantGroup;
			children = (
				A27A79BA2851CD1300B4BB5A /* Base */,
			);
			name = LaunchScreen.storyboard;
			sourceTree = "<group>";
		};
/* End PBXVariantGroup section */

/* Begin XCBuildConfiguration section */
		A27A79BD2851CD1300B4BB5A /* Debug */ = {
			isa = XCBuildConfiguration;
			buildSettings = {
				ALWAYS_SEARCH_USER_PATHS = NO;
				CLANG_ANALYZER_NONNULL = YES;
				CLANG_ANALYZER_NUMBER_OBJECT_CONVERSION = YES_AGGRESSIVE;
				CLANG_CXX_LANGUAGE_STANDARD = "gnu++17";
				CLANG_CXX_LIBRARY = "libc++";
				CLANG_ENABLE_MODULES = YES;
				CLANG_ENABLE_OBJC_ARC = YES;
				CLANG_ENABLE_OBJC_WEAK = YES;
				CLANG_WARN_BLOCK_CAPTURE_AUTORELEASING = YES;
				CLANG_WARN_BOOL_CONVERSION = YES;
				CLANG_WARN_COMMA = YES;
				CLANG_WARN_CONSTANT_CONVERSION = YES;
				CLANG_WARN_DEPRECATED_OBJC_IMPLEMENTATIONS = YES;
				CLANG_WARN_DIRECT_OBJC_ISA_USAGE = YES_ERROR;
				CLANG_WARN_DOCUMENTATION_COMMENTS = YES;
				CLANG_WARN_EMPTY_BODY = YES;
				CLANG_WARN_ENUM_CONVERSION = YES;
				CLANG_WARN_INFINITE_RECURSION = YES;
				CLANG_WARN_INT_CONVERSION = YES;
				CLANG_WARN_NON_LITERAL_NULL_CONVERSION = YES;
				CLANG_WARN_OBJC_IMPLICIT_RETAIN_SELF = YES;
				CLANG_WARN_OBJC_LITERAL_CONVERSION = YES;
				CLANG_WARN_OBJC_ROOT_CLASS = YES_ERROR;
				CLANG_WARN_QUOTED_INCLUDE_IN_FRAMEWORK_HEADER = YES;
				CLANG_WARN_RANGE_LOOP_ANALYSIS = YES;
				CLANG_WARN_STRICT_PROTOTYPES = YES;
				CLANG_WARN_SUSPICIOUS_MOVE = YES;
				CLANG_WARN_UNGUARDED_AVAILABILITY = YES_AGGRESSIVE;
				CLANG_WARN_UNREACHABLE_CODE = YES;
				CLANG_WARN__DUPLICATE_METHOD_MATCH = YES;
				COPY_PHASE_STRIP = NO;
				DEBUG_INFORMATION_FORMAT = dwarf;
				ENABLE_STRICT_OBJC_MSGSEND = YES;
				ENABLE_TESTABILITY = YES;
				GCC_C_LANGUAGE_STANDARD = gnu11;
				GCC_DYNAMIC_NO_PIC = NO;
				GCC_NO_COMMON_BLOCKS = YES;
				GCC_OPTIMIZATION_LEVEL = 0;
				GCC_PREPROCESSOR_DEFINITIONS = (
					"DEBUG=1",
					"$(inherited)",
				);
				GCC_WARN_64_TO_32_BIT_CONVERSION = YES;
				GCC_WARN_ABOUT_RETURN_TYPE = YES_ERROR;
				GCC_WARN_UNDECLARED_SELECTOR = YES;
				GCC_WARN_UNINITIALIZED_AUTOS = YES_AGGRESSIVE;
				GCC_WARN_UNUSED_FUNCTION = YES;
				GCC_WARN_UNUSED_VARIABLE = YES;
				IPHONEOS_DEPLOYMENT_TARGET = 15.2;
				MTL_ENABLE_DEBUG_INFO = INCLUDE_SOURCE;
				MTL_FAST_MATH = YES;
				ONLY_ACTIVE_ARCH = YES;
				SDKROOT = iphoneos;
				SWIFT_ACTIVE_COMPILATION_CONDITIONS = DEBUG;
				SWIFT_OPTIMIZATION_LEVEL = "-Onone";
			};
			name = Debug;
		};
		A27A79BE2851CD1300B4BB5A /* Release */ = {
			isa = XCBuildConfiguration;
			buildSettings = {
				ALWAYS_SEARCH_USER_PATHS = NO;
				CLANG_ANALYZER_NONNULL = YES;
				CLANG_ANALYZER_NUMBER_OBJECT_CONVERSION = YES_AGGRESSIVE;
				CLANG_CXX_LANGUAGE_STANDARD = "gnu++17";
				CLANG_CXX_LIBRARY = "libc++";
				CLANG_ENABLE_MODULES = YES;
				CLANG_ENABLE_OBJC_ARC = YES;
				CLANG_ENABLE_OBJC_WEAK = YES;
				CLANG_WARN_BLOCK_CAPTURE_AUTORELEASING = YES;
				CLANG_WARN_BOOL_CONVERSION = YES;
				CLANG_WARN_COMMA = YES;
				CLANG_WARN_CONSTANT_CONVERSION = YES;
				CLANG_WARN_DEPRECATED_OBJC_IMPLEMENTATIONS = YES;
				CLANG_WARN_DIRECT_OBJC_ISA_USAGE = YES_ERROR;
				CLANG_WARN_DOCUMENTATION_COMMENTS = YES;
				CLANG_WARN_EMPTY_BODY = YES;
				CLANG_WARN_ENUM_CONVERSION = YES;
				CLANG_WARN_INFINITE_RECURSION = YES;
				CLANG_WARN_INT_CONVERSION = YES;
				CLANG_WARN_NON_LITERAL_NULL_CONVERSION = YES;
				CLANG_WARN_OBJC_IMPLICIT_RETAIN_SELF = YES;
				CLANG_WARN_OBJC_LITERAL_CONVERSION = YES;
				CLANG_WARN_OBJC_ROOT_CLASS = YES_ERROR;
				CLANG_WARN_QUOTED_INCLUDE_IN_FRAMEWORK_HEADER = YES;
				CLANG_WARN_RANGE_LOOP_ANALYSIS = YES;
				CLANG_WARN_STRICT_PROTOTYPES = YES;
				CLANG_WARN_SUSPICIOUS_MOVE = YES;
				CLANG_WARN_UNGUARDED_AVAILABILITY = YES_AGGRESSIVE;
				CLANG_WARN_UNREACHABLE_CODE = YES;
				CLANG_WARN__DUPLICATE_METHOD_MATCH = YES;
				COPY_PHASE_STRIP = NO;
				DEBUG_INFORMATION_FORMAT = "dwarf-with-dsym";
				ENABLE_NS_ASSERTIONS = NO;
				ENABLE_STRICT_OBJC_MSGSEND = YES;
				GCC_C_LANGUAGE_STANDARD = gnu11;
				GCC_NO_COMMON_BLOCKS = YES;
				GCC_WARN_64_TO_32_BIT_CONVERSION = YES;
				GCC_WARN_ABOUT_RETURN_TYPE = YES_ERROR;
				GCC_WARN_UNDECLARED_SELECTOR = YES;
				GCC_WARN_UNINITIALIZED_AUTOS = YES_AGGRESSIVE;
				GCC_WARN_UNUSED_FUNCTION = YES;
				GCC_WARN_UNUSED_VARIABLE = YES;
				IPHONEOS_DEPLOYMENT_TARGET = 15.2;
				MTL_ENABLE_DEBUG_INFO = NO;
				MTL_FAST_MATH = YES;
				SDKROOT = iphoneos;
				SWIFT_COMPILATION_MODE = wholemodule;
				SWIFT_OPTIMIZATION_LEVEL = "-O";
				VALIDATE_PRODUCT = YES;
			};
			name = Release;
		};
		A27A79C02851CD1300B4BB5A /* Debug */ = {
			isa = XCBuildConfiguration;
			buildSettings = {
				ASSETCATALOG_COMPILER_APPICON_NAME = AppIcon;
				ASSETCATALOG_COMPILER_GLOBAL_ACCENT_COLOR_NAME = AccentColor;
				CODE_SIGN_STYLE = Automatic;
				CURRENT_PROJECT_VERSION = 1;
				GENERATE_INFOPLIST_FILE = YES;
				INFOPLIST_FILE = "Table View Controller/Info.plist";
				INFOPLIST_KEY_UIApplicationSupportsIndirectInputEvents = YES;
				INFOPLIST_KEY_UILaunchStoryboardName = LaunchScreen;
				INFOPLIST_KEY_UIMainStoryboardFile = Main;
				INFOPLIST_KEY_UISupportedInterfaceOrientations_iPad = "UIInterfaceOrientationPortrait UIInterfaceOrientationPortraitUpsideDown UIInterfaceOrientationLandscapeLeft UIInterfaceOrientationLandscapeRight";
				INFOPLIST_KEY_UISupportedInterfaceOrientations_iPhone = "UIInterfaceOrientationPortrait UIInterfaceOrientationLandscapeLeft UIInterfaceOrientationLandscapeRight";
				LD_RUNPATH_SEARCH_PATHS = (
					"$(inherited)",
					"@executable_path/Frameworks",
				);
				MARKETING_VERSION = 1.0;
				PRODUCT_BUNDLE_IDENTIFIER = "kr.ac.induk.www.Table-View-Controller";
				PRODUCT_NAME = "$(TARGET_NAME)";
				SWIFT_EMIT_LOC_STRINGS = YES;
				SWIFT_VERSION = 5.0;
				TARGETED_DEVICE_FAMILY = "1,2";
			};
			name = Debug;
		};
		A27A79C12851CD1300B4BB5A /* Release */ = {
			isa = XCBuildConfiguration;
			buildSettings = {
				ASSETCATALOG_COMPILER_APPICON_NAME = AppIcon;
				ASSETCATALOG_COMPILER_GLOBAL_ACCENT_COLOR_NAME = AccentColor;
				CODE_SIGN_STYLE = Automatic;
				CURRENT_PROJECT_VERSION = 1;
				GENERATE_INFOPLIST_FILE = YES;
				INFOPLIST_FILE = "Table View Controller/Info.plist";
				INFOPLIST_KEY_UIApplicationSupportsIndirectInputEvents = YES;
				INFOPLIST_KEY_UILaunchStoryboardName = LaunchScreen;
				INFOPLIST_KEY_UIMainStoryboardFile = Main;
				INFOPLIST_KEY_UISupportedInterfaceOrientations_iPad = "UIInterfaceOrientationPortrait UIInterfaceOrientationPortraitUpsideDown UIInterfaceOrientationLandscapeLeft UIInterfaceOrientationLandscapeRight";
				INFOPLIST_KEY_UISupportedInterfaceOrientations_iPhone = "UIInterfaceOrientationPortrait UIInterfaceOrientationLandscapeLeft UIInterfaceOrientationLandscapeRight";
				LD_RUNPATH_SEARCH_PATHS = (
					"$(inherited)",
					"@executable_path/Frameworks",
				);
				MARKETING_VERSION = 1.0;
				PRODUCT_BUNDLE_IDENTIFIER = "kr.ac.induk.www.Table-View-Controller";
				PRODUCT_NAME = "$(TARGET_NAME)";
				SWIFT_EMIT_LOC_STRINGS = YES;
				SWIFT_VERSION = 5.0;
				TARGETED_DEVICE_FAMILY = "1,2";
			};
			name = Release;
		};
/* End XCBuildConfiguration section */

/* Begin XCConfigurationList section */
		A27A79A62851CD1100B4BB5A /* Build configuration list for PBXProject "Table View Controller" */ = {
			isa = XCConfigurationList;
			buildConfigurations = (
				A27A79BD2851CD1300B4BB5A /* Debug */,
				A27A79BE2851CD1300B4BB5A /* Release */,
			);
			defaultConfigurationIsVisible = 0;
			defaultConfigurationName = Release;
		};
		A27A79BF2851CD1300B4BB5A /* Build configuration list for PBXNativeTarget "Table View Controller" */ = {
			isa = XCConfigurationList;
			buildConfigurations = (
				A27A79C02851CD1300B4BB5A /* Debug */,
				A27A79C12851CD1300B4BB5A /* Release */,
			);
			defaultConfigurationIsVisible = 0;
			defaultConfigurationName = Release;
		};
/* End XCConfigurationList section */
	};
	rootObject = A27A79A32851CD1100B4BB5A /* Project object */;
}
